// !$*UTF8*$!
{
	archiveVersion = 1;
	classes = {
	};
	objectVersion = 46;
	objects = {

/* Begin PBXBuildFile section */
		59CD55A61B5E8258007B9834 /* AppDelegate.swift in Sources */ = {isa = PBXBuildFile; fileRef = 59CD55A51B5E8258007B9834 /* AppDelegate.swift */; };
		59CD55A81B5E8258007B9834 /* ViewController.swift in Sources */ = {isa = PBXBuildFile; fileRef = 59CD55A71B5E8258007B9834 /* ViewController.swift */; };
		59CD55AB1B5E8258007B9834 /* Main.storyboard in Resources */ = {isa = PBXBuildFile; fileRef = 59CD55A91B5E8258007B9834 /* Main.storyboard */; };
		59CD55AD1B5E8258007B9834 /* Images.xcassets in Resources */ = {isa = PBXBuildFile; fileRef = 59CD55AC1B5E8258007B9834 /* Images.xcassets */; };
		59CD55B01B5E8258007B9834 /* LaunchScreen.xib in Resources */ = {isa = PBXBuildFile; fileRef = 59CD55AE1B5E8258007B9834 /* LaunchScreen.xib */; };
		59CD55BC1B5E8259007B9834 /* md2_ios_refereceimplTests.swift in Sources */ = {isa = PBXBuildFile; fileRef = 59CD55BB1B5E8259007B9834 /* md2_ios_refereceimplTests.swift */; };
/* End PBXBuildFile section */

/* Begin PBXContainerItemProxy section */
		59CD55B61B5E8259007B9834 /* PBXContainerItemProxy */ = {
			isa = PBXContainerItemProxy;
			containerPortal = 59CD55981B5E8258007B9834 /* Project object */;
			proxyType = 1;
			remoteGlobalIDString = 59CD559F1B5E8258007B9834;
			remoteInfo = "md2-ios-refereceimpl";
		};
/* End PBXContainerItemProxy section */

/* Begin PBXFileReference section */
		59CD55A01B5E8258007B9834 /* md2-ios-refereceimpl.app */ = {isa = PBXFileReference; explicitFileType = wrapper.application; includeInIndex = 0; path = "md2-ios-refereceimpl.app"; sourceTree = BUILT_PRODUCTS_DIR; };
		59CD55A41B5E8258007B9834 /* Info.plist */ = {isa = PBXFileReference; lastKnownFileType = text.plist.xml; path = Info.plist; sourceTree = "<group>"; };
		59CD55A51B5E8258007B9834 /* AppDelegate.swift */ = {isa = PBXFileReference; lastKnownFileType = sourcecode.swift; path = AppDelegate.swift; sourceTree = "<group>"; };
		59CD55A71B5E8258007B9834 /* ViewController.swift */ = {isa = PBXFileReference; lastKnownFileType = sourcecode.swift; path = ViewController.swift; sourceTree = "<group>"; };
		59CD55AA1B5E8258007B9834 /* Base */ = {isa = PBXFileReference; lastKnownFileType = file.storyboard; name = Base; path = Base.lproj/Main.storyboard; sourceTree = "<group>"; };
		59CD55AC1B5E8258007B9834 /* Images.xcassets */ = {isa = PBXFileReference; lastKnownFileType = folder.assetcatalog; path = Images.xcassets; sourceTree = "<group>"; };
		59CD55AF1B5E8258007B9834 /* Base */ = {isa = PBXFileReference; lastKnownFileType = file.xib; name = Base; path = Base.lproj/LaunchScreen.xib; sourceTree = "<group>"; };
		59CD55B51B5E8259007B9834 /* md2-ios-refereceimplTests.xctest */ = {isa = PBXFileReference; explicitFileType = wrapper.cfbundle; includeInIndex = 0; path = "md2-ios-refereceimplTests.xctest"; sourceTree = BUILT_PRODUCTS_DIR; };
		59CD55BA1B5E8259007B9834 /* Info.plist */ = {isa = PBXFileReference; lastKnownFileType = text.plist.xml; path = Info.plist; sourceTree = "<group>"; };
		59CD55BB1B5E8259007B9834 /* md2_ios_refereceimplTests.swift */ = {isa = PBXFileReference; lastKnownFileType = sourcecode.swift; path = md2_ios_refereceimplTests.swift; sourceTree = "<group>"; };
/* End PBXFileReference section */

/* Begin PBXFrameworksBuildPhase section */
		59CD559D1B5E8258007B9834 /* Frameworks */ = {
			isa = PBXFrameworksBuildPhase;
			buildActionMask = 2147483647;
			files = (
			);
			runOnlyForDeploymentPostprocessing = 0;
		};
		59CD55B21B5E8259007B9834 /* Frameworks */ = {
			isa = PBXFrameworksBuildPhase;
			buildActionMask = 2147483647;
			files = (
			);
			runOnlyForDeploymentPostprocessing = 0;
		};
/* End PBXFrameworksBuildPhase section */

/* Begin PBXGroup section */
		59CD55971B5E8258007B9834 = {
			isa = PBXGroup;
			children = (
				59CD55A21B5E8258007B9834 /* md2-ios-refereceimpl */,
				59CD55B81B5E8259007B9834 /* md2-ios-refereceimplTests */,
				59CD55A11B5E8258007B9834 /* Products */,
			);
			sourceTree = "<group>";
		};
		59CD55A11B5E8258007B9834 /* Products */ = {
			isa = PBXGroup;
			children = (
				59CD55A01B5E8258007B9834 /* md2-ios-refereceimpl.app */,
				59CD55B51B5E8259007B9834 /* md2-ios-refereceimplTests.xctest */,
			);
			name = Products;
			sourceTree = "<group>";
		};
		59CD55A21B5E8258007B9834 /* md2-ios-refereceimpl */ = {
			isa = PBXGroup;
			children = (
				59CD55A51B5E8258007B9834 /* AppDelegate.swift */,
				59CD55A71B5E8258007B9834 /* ViewController.swift */,
				59CD55A91B5E8258007B9834 /* Main.storyboard */,
				59CD55AC1B5E8258007B9834 /* Images.xcassets */,
				59CD55AE1B5E8258007B9834 /* LaunchScreen.xib */,
				59CD55A31B5E8258007B9834 /* Supporting Files */,
			);
			path = "md2-ios-refereceimpl";
			sourceTree = "<group>";
		};
		59CD55A31B5E8258007B9834 /* Supporting Files */ = {
			isa = PBXGroup;
			children = (
				59CD55A41B5E8258007B9834 /* Info.plist */,
			);
			name = "Supporting Files";
			sourceTree = "<group>";
		};
		59CD55B81B5E8259007B9834 /* md2-ios-refereceimplTests */ = {
			isa = PBXGroup;
			children = (
				59CD55BB1B5E8259007B9834 /* md2_ios_refereceimplTests.swift */,
				59CD55B91B5E8259007B9834 /* Supporting Files */,
			);
			path = "md2-ios-refereceimplTests";
			sourceTree = "<group>";
		};
		59CD55B91B5E8259007B9834 /* Supporting Files */ = {
			isa = PBXGroup;
			children = (
				59CD55BA1B5E8259007B9834 /* Info.plist */,
			);
			name = "Supporting Files";
			sourceTree = "<group>";
		};
/* End PBXGroup section */

/* Begin PBXNativeTarget section */
		59CD559F1B5E8258007B9834 /* md2-ios-refereceimpl */ = {
			isa = PBXNativeTarget;
			buildConfigurationList = 59CD55BF1B5E8259007B9834 /* Build configuration list for PBXNativeTarget "md2-ios-refereceimpl" */;
			buildPhases = (
				59CD559C1B5E8258007B9834 /* Sources */,
				59CD559D1B5E8258007B9834 /* Frameworks */,
				59CD559E1B5E8258007B9834 /* Resources */,
			);
			buildRules = (
			);
			dependencies = (
			);
			name = "md2-ios-refereceimpl";
			productName = "md2-ios-refereceimpl";
			productReference = 59CD55A01B5E8258007B9834 /* md2-ios-refereceimpl.app */;
			productType = "com.apple.product-type.application";
		};
		59CD55B41B5E8259007B9834 /* md2-ios-refereceimplTests */ = {
			isa = PBXNativeTarget;
			buildConfigurationList = 59CD55C21B5E8259007B9834 /* Build configuration list for PBXNativeTarget "md2-ios-refereceimplTests" */;
			buildPhases = (
				59CD55B11B5E8259007B9834 /* Sources */,
				59CD55B21B5E8259007B9834 /* Frameworks */,
				59CD55B31B5E8259007B9834 /* Resources */,
			);
			buildRules = (
			);
			dependencies = (
				59CD55B71B5E8259007B9834 /* PBXTargetDependency */,
			);
			name = "md2-ios-refereceimplTests";
			productName = "md2-ios-refereceimplTests";
			productReference = 59CD55B51B5E8259007B9834 /* md2-ios-refereceimplTests.xctest */;
			productType = "com.apple.product-type.bundle.unit-test";
		};
/* End PBXNativeTarget section */

/* Begin PBXProject section */
		59CD55981B5E8258007B9834 /* Project object */ = {
			isa = PBXProject;
			attributes = {
				LastUpgradeCheck = 0630;
				ORGANIZATIONNAME = "Christoph Rieger";
				TargetAttributes = {
					59CD559F1B5E8258007B9834 = {
						CreatedOnToolsVersion = 6.3.2;
					};
					59CD55B41B5E8259007B9834 = {
						CreatedOnToolsVersion = 6.3.2;
						TestTargetID = 59CD559F1B5E8258007B9834;
					};
				};
			};
			buildConfigurationList = 59CD559B1B5E8258007B9834 /* Build configuration list for PBXProject "md2-ios-refereceimpl" */;
			compatibilityVersion = "Xcode 3.2";
			developmentRegion = English;
			hasScannedForEncodings = 0;
			knownRegions = (
				en,
				Base,
			);
			mainGroup = 59CD55971B5E8258007B9834;
			productRefGroup = 59CD55A11B5E8258007B9834 /* Products */;
			projectDirPath = "";
			projectRoot = "";
			targets = (
				59CD559F1B5E8258007B9834 /* md2-ios-refereceimpl */,
				59CD55B41B5E8259007B9834 /* md2-ios-refereceimplTests */,
			);
		};
/* End PBXProject section */

/* Begin PBXResourcesBuildPhase section */
		59CD559E1B5E8258007B9834 /* Resources */ = {
			isa = PBXResourcesBuildPhase;
			buildActionMask = 2147483647;
			files = (
				59CD55AB1B5E8258007B9834 /* Main.storyboard in Resources */,
				59CD55B01B5E8258007B9834 /* LaunchScreen.xib in Resources */,
				59CD55AD1B5E8258007B9834 /* Images.xcassets in Resources */,
			);
			runOnlyForDeploymentPostprocessing = 0;
		};
		59CD55B31B5E8259007B9834 /* Resources */ = {
			isa = PBXResourcesBuildPhase;
			buildActionMask = 2147483647;
			files = (
			);
			runOnlyForDeploymentPostprocessing = 0;
		};
/* End PBXResourcesBuildPhase section */

/* Begin PBXSourcesBuildPhase section */
		59CD559C1B5E8258007B9834 /* Sources */ = {
			isa = PBXSourcesBuildPhase;
			buildActionMask = 2147483647;
			files = (
				59CD55A81B5E8258007B9834 /* ViewController.swift in Sources */,
				59CD55A61B5E8258007B9834 /* AppDelegate.swift in Sources */,
			);
			runOnlyForDeploymentPostprocessing = 0;
		};
		59CD55B11B5E8259007B9834 /* Sources */ = {
			isa = PBXSourcesBuildPhase;
			buildActionMask = 2147483647;
			files = (
				59CD55BC1B5E8259007B9834 /* md2_ios_refereceimplTests.swift in Sources */,
			);
			runOnlyForDeploymentPostprocessing = 0;
		};
/* End PBXSourcesBuildPhase section */

/* Begin PBXTargetDependency section */
		59CD55B71B5E8259007B9834 /* PBXTargetDependency */ = {
			isa = PBXTargetDependency;
			target = 59CD559F1B5E8258007B9834 /* md2-ios-refereceimpl */;
			targetProxy = 59CD55B61B5E8259007B9834 /* PBXContainerItemProxy */;
		};
/* End PBXTargetDependency section */

/* Begin PBXVariantGroup section */
		59CD55A91B5E8258007B9834 /* Main.storyboard */ = {
			isa = PBXVariantGroup;
			children = (
				59CD55AA1B5E8258007B9834 /* Base */,
			);
			name = Main.storyboard;
			sourceTree = "<group>";
		};
		59CD55AE1B5E8258007B9834 /* LaunchScreen.xib */ = {
			isa = PBXVariantGroup;
			children = (
				59CD55AF1B5E8258007B9834 /* Base */,
			);
			name = LaunchScreen.xib;
			sourceTree = "<group>";
		};
/* End PBXVariantGroup section */

/* Begin XCBuildConfiguration section */
		59CD55BD1B5E8259007B9834 /* Debug */ = {
			isa = XCBuildConfiguration;
			buildSettings = {
				ALWAYS_SEARCH_USER_PATHS = NO;
				CLANG_CXX_LANGUAGE_STANDARD = "gnu++0x";
				CLANG_CXX_LIBRARY = "libc++";
				CLANG_ENABLE_MODULES = YES;
				CLANG_ENABLE_OBJC_ARC = YES;
				CLANG_WARN_BOOL_CONVERSION = YES;
				CLANG_WARN_CONSTANT_CONVERSION = YES;
				CLANG_WARN_DIRECT_OBJC_ISA_USAGE = YES_ERROR;
				CLANG_WARN_EMPTY_BODY = YES;
				CLANG_WARN_ENUM_CONVERSION = YES;
				CLANG_WARN_INT_CONVERSION = YES;
				CLANG_WARN_OBJC_ROOT_CLASS = YES_ERROR;
				CLANG_WARN_UNREACHABLE_CODE = YES;
				CLANG_WARN__DUPLICATE_METHOD_MATCH = YES;
				"CODE_SIGN_IDENTITY[sdk=iphoneos*]" = "iPhone Developer";
				COPY_PHASE_STRIP = NO;
				DEBUG_INFORMATION_FORMAT = "dwarf-with-dsym";
				ENABLE_STRICT_OBJC_MSGSEND = YES;
				GCC_C_LANGUAGE_STANDARD = gnu99;
				GCC_DYNAMIC_NO_PIC = NO;
				GCC_NO_COMMON_BLOCKS = YES;
				GCC_OPTIMIZATION_LEVEL = 0;
				GCC_PREPROCESSOR_DEFINITIONS = (
					"DEBUG=1",
					"$(inherited)",
				);
				GCC_SYMBOLS_PRIVATE_EXTERN = NO;
				GCC_WARN_64_TO_32_BIT_CONVERSION = YES;
				GCC_WARN_ABOUT_RETURN_TYPE = YES_ERROR;
				GCC_WARN_UNDECLARED_SELECTOR = YES;
				GCC_WARN_UNINITIALIZED_AUTOS = YES_AGGRESSIVE;
				GCC_WARN_UNUSED_FUNCTION = YES;
				GCC_WARN_UNUSED_VARIABLE = YES;
				IPHONEOS_DEPLOYMENT_TARGET = 8.3;
				MTL_ENABLE_DEBUG_INFO = YES;
				ONLY_ACTIVE_ARCH = YES;
				SDKROOT = iphoneos;
				SWIFT_OPTIMIZATION_LEVEL = "-Onone";
				TARGETED_DEVICE_FAMILY = "1,2";
			};
			name = Debug;
		};
		59CD55BE1B5E8259007B9834 /* Release */ = {
			isa = XCBuildConfiguration;
			buildSettings = {
				ALWAYS_SEARCH_USER_PATHS = NO;
				CLANG_CXX_LANGUAGE_STANDARD = "gnu++0x";
				CLANG_CXX_LIBRARY = "libc++";
				CLANG_ENABLE_MODULES = YES;
				CLANG_ENABLE_OBJC_ARC = YES;
				CLANG_WARN_BOOL_CONVERSION = YES;
				CLANG_WARN_CONSTANT_CONVERSION = YES;
				CLANG_WARN_DIRECT_OBJC_ISA_USAGE = YES_ERROR;
				CLANG_WARN_EMPTY_BODY = YES;
				CLANG_WARN_ENUM_CONVERSION = YES;
				CLANG_WARN_INT_CONVERSION = YES;
				CLANG_WARN_OBJC_ROOT_CLASS = YES_ERROR;
				CLANG_WARN_UNREACHABLE_CODE = YES;
				CLANG_WARN__DUPLICATE_METHOD_MATCH = YES;
				"CODE_SIGN_IDENTITY[sdk=iphoneos*]" = "iPhone Developer";
				COPY_PHASE_STRIP = NO;
				DEBUG_INFORMATION_FORMAT = "dwarf-with-dsym";
				ENABLE_NS_ASSERTIONS = NO;
				ENABLE_STRICT_OBJC_MSGSEND = YES;
				GCC_C_LANGUAGE_STANDARD = gnu99;
				GCC_NO_COMMON_BLOCKS = YES;
				GCC_WARN_64_TO_32_BIT_CONVERSION = YES;
				GCC_WARN_ABOUT_RETURN_TYPE = YES_ERROR;
				GCC_WARN_UNDECLARED_SELECTOR = YES;
				GCC_WARN_UNINITIALIZED_AUTOS = YES_AGGRESSIVE;
				GCC_WARN_UNUSED_FUNCTION = YES;
				GCC_WARN_UNUSED_VARIABLE = YES;
				IPHONEOS_DEPLOYMENT_TARGET = 8.3;
				MTL_ENABLE_DEBUG_INFO = NO;
				SDKROOT = iphoneos;
				TARGETED_DEVICE_FAMILY = "1,2";
				VALIDATE_PRODUCT = YES;
			};
			name = Release;
		};
		59CD55C01B5E8259007B9834 /* Debug */ = {
			isa = XCBuildConfiguration;
			buildSettings = {
				ASSETCATALOG_COMPILER_APPICON_NAME = AppIcon;
				INFOPLIST_FILE = "md2-ios-refereceimpl/Info.plist";
				LD_RUNPATH_SEARCH_PATHS = "$(inherited) @executable_path/Frameworks";
				PRODUCT_NAME = "$(TARGET_NAME)";
			};
			name = Debug;
		};
		59CD55C11B5E8259007B9834 /* Release */ = {
			isa = XCBuildConfiguration;
			buildSettings = {
				ASSETCATALOG_COMPILER_APPICON_NAME = AppIcon;
				INFOPLIST_FILE = "md2-ios-refereceimpl/Info.plist";
				LD_RUNPATH_SEARCH_PATHS = "$(inherited) @executable_path/Frameworks";
				PRODUCT_NAME = "$(TARGET_NAME)";
			};
			name = Release;
		};
		59CD55C31B5E8259007B9834 /* Debug */ = {
			isa = XCBuildConfiguration;
			buildSettings = {
				BUNDLE_LOADER = "$(TEST_HOST)";
				FRAMEWORK_SEARCH_PATHS = (
					"$(SDKROOT)/Developer/Library/Frameworks",
					"$(inherited)",
				);
				GCC_PREPROCESSOR_DEFINITIONS = (
					"DEBUG=1",
					"$(inherited)",
				);
				INFOPLIST_FILE = "md2-ios-refereceimplTests/Info.plist";
				LD_RUNPATH_SEARCH_PATHS = "$(inherited) @executable_path/Frameworks @loader_path/Frameworks";
				PRODUCT_NAME = "$(TARGET_NAME)";
				TEST_HOST = "$(BUILT_PRODUCTS_DIR)/md2-ios-refereceimpl.app/md2-ios-refereceimpl";
			};
			name = Debug;
		};
		59CD55C41B5E8259007B9834 /* Release */ = {
			isa = XCBuildConfiguration;
			buildSettings = {
				BUNDLE_LOADER = "$(TEST_HOST)";
				FRAMEWORK_SEARCH_PATHS = (
					"$(SDKROOT)/Developer/Library/Frameworks",
					"$(inherited)",
				);
				INFOPLIST_FILE = "md2-ios-refereceimplTests/Info.plist";
				LD_RUNPATH_SEARCH_PATHS = "$(inherited) @executable_path/Frameworks @loader_path/Frameworks";
				PRODUCT_NAME = "$(TARGET_NAME)";
				TEST_HOST = "$(BUILT_PRODUCTS_DIR)/md2-ios-refereceimpl.app/md2-ios-refereceimpl";
			};
			name = Release;
		};
/* End XCBuildConfiguration section */

/* Begin XCConfigurationList section */
		59CD559B1B5E8258007B9834 /* Build configuration list for PBXProject "md2-ios-refereceimpl" */ = {
			isa = XCConfigurationList;
			buildConfigurations = (
				59CD55BD1B5E8259007B9834 /* Debug */,
				59CD55BE1B5E8259007B9834 /* Release */,
			);
			defaultConfigurationIsVisible = 0;
			defaultConfigurationName = Release;
		};
		59CD55BF1B5E8259007B9834 /* Build configuration list for PBXNativeTarget "md2-ios-refereceimpl" */ = {
			isa = XCConfigurationList;
			buildConfigurations = (
				59CD55C01B5E8259007B9834 /* Debug */,
				59CD55C11B5E8259007B9834 /* Release */,
			);
			defaultConfigurationIsVisible = 0;
		};
		59CD55C21B5E8259007B9834 /* Build configuration list for PBXNativeTarget "md2-ios-refereceimplTests" */ = {
			isa = XCConfigurationList;
			buildConfigurations = (
				59CD55C31B5E8259007B9834 /* Debug */,
				59CD55C41B5E8259007B9834 /* Release */,
			);
			defaultConfigurationIsVisible = 0;
		};
/* End XCConfigurationList section */
	};
	rootObject = 59CD55981B5E8258007B9834 /* Project object */;
}
